
Microsoft Visual Studio Solution File, Format Version 12.00
# Visual Studio Version 17
VisualStudioVersion = 17.7.34031.279
MinimumVisualStudioVersion = 10.0.40219.1
Project("{FAE04EC0-301F-11D3-BF4B-00C04F79EFBC}") = "Tournament_420_SkrylevaLianaAleksandrovna", "Tournament_420_SkrylevaLianaAleksandrovna\Tournament_420_SkrylevaLianaAleksandrovna.csproj", "{BC440156-ADC6-41B7-B63B-FA0EA344D393}"
EndProject
Global
	GlobalSection(SolutionConfigurationPlatforms) = preSolution
		Debug|Any CPU = Debug|Any CPU
		Release|Any CPU = Release|Any CPU
	EndGlobalSection
	GlobalSection(ProjectConfigurationPlatforms) = postSolution
		{BC440156-ADC6-41B7-B63B-FA0EA344D393}.Debug|Any CPU.ActiveCfg = Debug|Any CPU
		{BC440156-ADC6-41B7-B63B-FA0EA344D393}.Debug|Any CPU.Build.0 = Debug|Any CPU
		{BC440156-ADC6-41B7-B63B-FA0EA344D393}.Release|Any CPU.ActiveCfg = Release|Any CPU
		{BC440156-ADC6-41B7-B63B-FA0EA344D393}.Release|Any CPU.Build.0 = Release|Any CPU
	EndGlobalSection
	GlobalSection(SolutionProperties) = preSolution
		HideSolutionNode = FALSE
	EndGlobalSection
	GlobalSection(ExtensibilityGlobals) = postSolution
		SolutionGuid = {9302D6B0-7306-4107-8CDD-335CC931C3B7}
	EndGlobalSection
EndGlobal
